
Microsoft Visual Studio Solution File, Format Version 12.00
# Visual Studio Version 17
VisualStudioVersion = 17.5.002.0
MinimumVisualStudioVersion = 10.0.40219.1
Project("{9A19103F-16F7-4668-BE54-9A1E7A4F7556}") = "Routes", "Routes.csproj", "{B1B8869B-04A7-44CC-BB6D-2B97C3491A65}"
EndProject
Global
	GlobalSection(SolutionConfigurationPlatforms) = preSolution
		Debug|Any CPU = Debug|Any CPU
		Release|Any CPU = Release|Any CPU
	EndGlobalSection
	GlobalSection(ProjectConfigurationPlatforms) = postSolution
		{B1B8869B-04A7-44CC-BB6D-2B97C3491A65}.Debug|Any CPU.ActiveCfg = Debug|Any CPU
		{B1B8869B-04A7-44CC-BB6D-2B97C3491A65}.Debug|Any CPU.Build.0 = Debug|Any CPU
		{B1B8869B-04A7-44CC-BB6D-2B97C3491A65}.Release|Any CPU.ActiveCfg = Release|Any CPU
		{B1B8869B-04A7-44CC-BB6D-2B97C3491A65}.Release|Any CPU.Build.0 = Release|Any CPU
	EndGlobalSection
	GlobalSection(SolutionProperties) = preSolution
		HideSolutionNode = FALSE
	EndGlobalSection
	GlobalSection(ExtensibilityGlobals) = postSolution
		SolutionGuid = {D72158A7-ED6C-4663-AC58-ED125206ED61}
	EndGlobalSection
EndGlobal
