
Microsoft Visual Studio Solution File, Format Version 12.00
# Visual Studio Version 17
VisualStudioVersion = 17.5.002.0
MinimumVisualStudioVersion = 10.0.40219.1
Project("{FAE04EC0-301F-11D3-BF4B-00C04F79EFBC}") = "Routes", "route\Routes.csproj", "{7D17218A-047C-4A61-9442-E6C9B20E9D50}"
EndProject
Project("{FAE04EC0-301F-11D3-BF4B-00C04F79EFBC}") = "routes.Test", "routes.Test\routes.Test.csproj", "{3D2B854E-C99B-4F8E-9827-85066898FCFF}"
EndProject
Global
	GlobalSection(SolutionConfigurationPlatforms) = preSolution
		Debug|Any CPU = Debug|Any CPU
		Release|Any CPU = Release|Any CPU
	EndGlobalSection
	GlobalSection(ProjectConfigurationPlatforms) = postSolution
		{7D17218A-047C-4A61-9442-E6C9B20E9D50}.Debug|Any CPU.ActiveCfg = Debug|Any CPU
		{7D17218A-047C-4A61-9442-E6C9B20E9D50}.Debug|Any CPU.Build.0 = Debug|Any CPU
		{7D17218A-047C-4A61-9442-E6C9B20E9D50}.Release|Any CPU.ActiveCfg = Release|Any CPU
		{7D17218A-047C-4A61-9442-E6C9B20E9D50}.Release|Any CPU.Build.0 = Release|Any CPU
		{3D2B854E-C99B-4F8E-9827-85066898FCFF}.Debug|Any CPU.ActiveCfg = Debug|Any CPU
		{3D2B854E-C99B-4F8E-9827-85066898FCFF}.Debug|Any CPU.Build.0 = Debug|Any CPU
		{3D2B854E-C99B-4F8E-9827-85066898FCFF}.Release|Any CPU.ActiveCfg = Release|Any CPU
		{3D2B854E-C99B-4F8E-9827-85066898FCFF}.Release|Any CPU.Build.0 = Release|Any CPU
	EndGlobalSection
	GlobalSection(SolutionProperties) = preSolution
		HideSolutionNode = FALSE
	EndGlobalSection
	GlobalSection(ExtensibilityGlobals) = postSolution
		SolutionGuid = {D72158A7-ED6C-4663-AC58-ED125206ED61}
	EndGlobalSection
EndGlobal
